// !$*UTF8*$!
{
	archiveVersion = 1;
	classes = {
	};
	objectVersion = 46;
	objects = {

/* Begin PBXBuildFile section */
		0164F4C919FC5CA600907EB3 /* main.c in Sources */ = {isa = PBXBuildFile; fileRef = 0164F4C819FC5CA600907EB3 /* main.c */; };
		0164F4D119FC5CDD00907EB3 /* libais.c in Sources */ = {isa = PBXBuildFile; fileRef = 0164F4CF19FC5CDD00907EB3 /* libais.c */; };
		0164F4D319FC5D5700907EB3 /* driver_ais.c in Sources */ = {isa = PBXBuildFile; fileRef = 0164F4D219FC5D5700907EB3 /* driver_ais.c */; };
		0164F4D619FC5DAC00907EB3 /* bits.c in Sources */ = {isa = PBXBuildFile; fileRef = 0164F4D419FC5DAC00907EB3 /* bits.c */; };
		0164F4D819FDA84200907EB3 /* gpsd_json.c in Sources */ = {isa = PBXBuildFile; fileRef = 0164F4D719FDA84200907EB3 /* gpsd_json.c */; };
/* End PBXBuildFile section */

/* Begin PBXCopyFilesBuildPhase section */
		0164F4C319FC5CA600907EB3 /* CopyFiles */ = {
			isa = PBXCopyFilesBuildPhase;
			buildActionMask = 2147483647;
			dstPath = /usr/share/man/man1/;
			dstSubfolderSpec = 0;
			files = (
			);
			runOnlyForDeploymentPostprocessing = 1;
		};
/* End PBXCopyFilesBuildPhase section */

/* Begin PBXFileReference section */
		0164F4C519FC5CA600907EB3 /* libais */ = {isa = PBXFileReference; explicitFileType = "compiled.mach-o.executable"; includeInIndex = 0; path = libais; sourceTree = BUILT_PRODUCTS_DIR; };
		0164F4C819FC5CA600907EB3 /* main.c */ = {isa = PBXFileReference; lastKnownFileType = sourcecode.c.c; path = main.c; sourceTree = "<group>"; };
		0164F4CF19FC5CDD00907EB3 /* libais.c */ = {isa = PBXFileReference; fileEncoding = 4; lastKnownFileType = sourcecode.c.c; path = libais.c; sourceTree = "<group>"; };
		0164F4D019FC5CDD00907EB3 /* libais.h */ = {isa = PBXFileReference; fileEncoding = 4; lastKnownFileType = sourcecode.c.h; path = libais.h; sourceTree = "<group>"; };
		0164F4D219FC5D5700907EB3 /* driver_ais.c */ = {isa = PBXFileReference; fileEncoding = 4; lastKnownFileType = sourcecode.c.c; path = driver_ais.c; sourceTree = "<group>"; };
		0164F4D419FC5DAC00907EB3 /* bits.c */ = {isa = PBXFileReference; fileEncoding = 4; lastKnownFileType = sourcecode.c.c; path = bits.c; sourceTree = "<group>"; };
		0164F4D519FC5DAC00907EB3 /* bits.h */ = {isa = PBXFileReference; fileEncoding = 4; lastKnownFileType = sourcecode.c.h; path = bits.h; sourceTree = "<group>"; };
		0164F4D719FDA84200907EB3 /* gpsd_json.c */ = {isa = PBXFileReference; fileEncoding = 4; lastKnownFileType = sourcecode.c.c; path = gpsd_json.c; sourceTree = "<group>"; };
		0164F4D919FDAA0900907EB3 /* json.h */ = {isa = PBXFileReference; lastKnownFileType = sourcecode.c.h; path = json.h; sourceTree = "<group>"; };
		0164F4DA19FDAA5700907EB3 /* gps_json.h */ = {isa = PBXFileReference; lastKnownFileType = sourcecode.c.h; path = gps_json.h; sourceTree = "<group>"; };
		0164F4DB19FDB00800907EB3 /* gps.h */ = {isa = PBXFileReference; lastKnownFileType = sourcecode.c.h; path = gps.h; sourceTree = "<group>"; };
		0164F4DC19FDB24100907EB3 /* gpsd.h */ = {isa = PBXFileReference; lastKnownFileType = sourcecode.c.h; path = gpsd.h; sourceTree = "<group>"; };
		019CC74A19FE18C900907EB3 /* setup.py */ = {isa = PBXFileReference; lastKnownFileType = text.script.python; path = setup.py; sourceTree = "<group>"; };
		019CC74B19FE1A7500907EB3 /* libais-python.c */ = {isa = PBXFileReference; fileEncoding = 4; lastKnownFileType = sourcecode.c.c; path = "libais-python.c"; sourceTree = "<group>"; };
		019CC74C19FE1A7500907EB3 /* libais-python.h */ = {isa = PBXFileReference; fileEncoding = 4; lastKnownFileType = sourcecode.c.h; path = "libais-python.h"; sourceTree = "<group>"; };
		390E922C19FFD5B7007BA8D5 /* ais.log */ = {isa = PBXFileReference; fileEncoding = 4; lastKnownFileType = text; path = ais.log; sourceTree = "<group>"; };
/* End PBXFileReference section */

/* Begin PBXFrameworksBuildPhase section */
		0164F4C219FC5CA600907EB3 /* Frameworks */ = {
			isa = PBXFrameworksBuildPhase;
			buildActionMask = 2147483647;
			files = (
			);
			runOnlyForDeploymentPostprocessing = 0;
		};
/* End PBXFrameworksBuildPhase section */

/* Begin PBXGroup section */
		0164F4BC19FC5CA600907EB3 = {
			isa = PBXGroup;
			children = (
				0164F4C719FC5CA600907EB3 /* libais */,
				0164F4C619FC5CA600907EB3 /* Products */,
			);
			sourceTree = "<group>";
		};
		0164F4C619FC5CA600907EB3 /* Products */ = {
			isa = PBXGroup;
			children = (
				0164F4C519FC5CA600907EB3 /* libais */,
			);
			name = Products;
			sourceTree = "<group>";
		};
		0164F4C719FC5CA600907EB3 /* libais */ = {
			isa = PBXGroup;
			children = (
				390E922C19FFD5B7007BA8D5 /* ais.log */,
				0164F4C819FC5CA600907EB3 /* main.c */,
				0164F4CF19FC5CDD00907EB3 /* libais.c */,
				0164F4D019FC5CDD00907EB3 /* libais.h */,
				0164F4DB19FDB00800907EB3 /* gps.h */,
				0164F4DC19FDB24100907EB3 /* gpsd.h */,
				0164F4D919FDAA0900907EB3 /* json.h */,
				0164F4DA19FDAA5700907EB3 /* gps_json.h */,
				0164F4D719FDA84200907EB3 /* gpsd_json.c */,
				0164F4D219FC5D5700907EB3 /* driver_ais.c */,
				0164F4D419FC5DAC00907EB3 /* bits.c */,
				0164F4D519FC5DAC00907EB3 /* bits.h */,
				019CC74A19FE18C900907EB3 /* setup.py */,
				019CC74B19FE1A7500907EB3 /* libais-python.c */,
				019CC74C19FE1A7500907EB3 /* libais-python.h */,
			);
			path = libais;
			sourceTree = "<group>";
		};
/* End PBXGroup section */

/* Begin PBXNativeTarget section */
		0164F4C419FC5CA600907EB3 /* libais */ = {
			isa = PBXNativeTarget;
			buildConfigurationList = 0164F4CC19FC5CA600907EB3 /* Build configuration list for PBXNativeTarget "libais" */;
			buildPhases = (
				0164F4C119FC5CA600907EB3 /* Sources */,
				0164F4C219FC5CA600907EB3 /* Frameworks */,
				0164F4C319FC5CA600907EB3 /* CopyFiles */,
			);
			buildRules = (
			);
			dependencies = (
			);
			name = libais;
			productName = libais;
			productReference = 0164F4C519FC5CA600907EB3 /* libais */;
			productType = "com.apple.product-type.tool";
		};
/* End PBXNativeTarget section */

/* Begin PBXProject section */
		0164F4BD19FC5CA600907EB3 /* Project object */ = {
			isa = PBXProject;
			attributes = {
				LastUpgradeCheck = 0610;
				ORGANIZATIONNAME = "Chris Bünger";
				TargetAttributes = {
					0164F4C419FC5CA600907EB3 = {
						CreatedOnToolsVersion = 6.1;
					};
				};
			};
			buildConfigurationList = 0164F4C019FC5CA600907EB3 /* Build configuration list for PBXProject "libais" */;
			compatibilityVersion = "Xcode 3.2";
			developmentRegion = English;
			hasScannedForEncodings = 0;
			knownRegions = (
				en,
			);
			mainGroup = 0164F4BC19FC5CA600907EB3;
			productRefGroup = 0164F4C619FC5CA600907EB3 /* Products */;
			projectDirPath = "";
			projectRoot = "";
			targets = (
				0164F4C419FC5CA600907EB3 /* libais */,
			);
		};
/* End PBXProject section */

/* Begin PBXSourcesBuildPhase section */
		0164F4C119FC5CA600907EB3 /* Sources */ = {
			isa = PBXSourcesBuildPhase;
			buildActionMask = 2147483647;
			files = (
				0164F4C919FC5CA600907EB3 /* main.c in Sources */,
				0164F4D619FC5DAC00907EB3 /* bits.c in Sources */,
				0164F4D319FC5D5700907EB3 /* driver_ais.c in Sources */,
				0164F4D819FDA84200907EB3 /* gpsd_json.c in Sources */,
				0164F4D119FC5CDD00907EB3 /* libais.c in Sources */,
			);
			runOnlyForDeploymentPostprocessing = 0;
		};
/* End PBXSourcesBuildPhase section */

/* Begin XCBuildConfiguration section */
		0164F4CA19FC5CA600907EB3 /* Debug */ = {
			isa = XCBuildConfiguration;
			buildSettings = {
				ALWAYS_SEARCH_USER_PATHS = NO;
				CLANG_CXX_LANGUAGE_STANDARD = "gnu++0x";
				CLANG_CXX_LIBRARY = "libc++";
				CLANG_ENABLE_MODULES = YES;
				CLANG_ENABLE_OBJC_ARC = YES;
				CLANG_WARN_BOOL_CONVERSION = YES;
				CLANG_WARN_CONSTANT_CONVERSION = YES;
				CLANG_WARN_DIRECT_OBJC_ISA_USAGE = YES_ERROR;
				CLANG_WARN_EMPTY_BODY = YES;
				CLANG_WARN_ENUM_CONVERSION = YES;
				CLANG_WARN_INT_CONVERSION = YES;
				CLANG_WARN_OBJC_ROOT_CLASS = YES_ERROR;
				CLANG_WARN_UNREACHABLE_CODE = YES;
				CLANG_WARN__DUPLICATE_METHOD_MATCH = YES;
				COPY_PHASE_STRIP = NO;
				ENABLE_STRICT_OBJC_MSGSEND = YES;
				GCC_C_LANGUAGE_STANDARD = gnu99;
				GCC_DYNAMIC_NO_PIC = NO;
				GCC_OPTIMIZATION_LEVEL = 0;
				GCC_PREPROCESSOR_DEFINITIONS = (
					"DEBUG=1",
					"$(inherited)",
				);
				GCC_SYMBOLS_PRIVATE_EXTERN = NO;
				GCC_WARN_64_TO_32_BIT_CONVERSION = YES;
				GCC_WARN_ABOUT_RETURN_TYPE = YES_ERROR;
				GCC_WARN_UNDECLARED_SELECTOR = YES;
				GCC_WARN_UNINITIALIZED_AUTOS = YES_AGGRESSIVE;
				GCC_WARN_UNUSED_FUNCTION = YES;
				GCC_WARN_UNUSED_VARIABLE = YES;
				MACOSX_DEPLOYMENT_TARGET = 10.10;
				MTL_ENABLE_DEBUG_INFO = YES;
				ONLY_ACTIVE_ARCH = YES;
				SDKROOT = macosx;
			};
			name = Debug;
		};
		0164F4CB19FC5CA600907EB3 /* Release */ = {
			isa = XCBuildConfiguration;
			buildSettings = {
				ALWAYS_SEARCH_USER_PATHS = NO;
				CLANG_CXX_LANGUAGE_STANDARD = "gnu++0x";
				CLANG_CXX_LIBRARY = "libc++";
				CLANG_ENABLE_MODULES = YES;
				CLANG_ENABLE_OBJC_ARC = YES;
				CLANG_WARN_BOOL_CONVERSION = YES;
				CLANG_WARN_CONSTANT_CONVERSION = YES;
				CLANG_WARN_DIRECT_OBJC_ISA_USAGE = YES_ERROR;
				CLANG_WARN_EMPTY_BODY = YES;
				CLANG_WARN_ENUM_CONVERSION = YES;
				CLANG_WARN_INT_CONVERSION = YES;
				CLANG_WARN_OBJC_ROOT_CLASS = YES_ERROR;
				CLANG_WARN_UNREACHABLE_CODE = YES;
				CLANG_WARN__DUPLICATE_METHOD_MATCH = YES;
				COPY_PHASE_STRIP = YES;
				DEBUG_INFORMATION_FORMAT = "dwarf-with-dsym";
				ENABLE_NS_ASSERTIONS = NO;
				ENABLE_STRICT_OBJC_MSGSEND = YES;
				GCC_C_LANGUAGE_STANDARD = gnu99;
				GCC_WARN_64_TO_32_BIT_CONVERSION = YES;
				GCC_WARN_ABOUT_RETURN_TYPE = YES_ERROR;
				GCC_WARN_UNDECLARED_SELECTOR = YES;
				GCC_WARN_UNINITIALIZED_AUTOS = YES_AGGRESSIVE;
				GCC_WARN_UNUSED_FUNCTION = YES;
				GCC_WARN_UNUSED_VARIABLE = YES;
				MACOSX_DEPLOYMENT_TARGET = 10.10;
				MTL_ENABLE_DEBUG_INFO = NO;
				SDKROOT = macosx;
			};
			name = Release;
		};
		0164F4CD19FC5CA600907EB3 /* Debug */ = {
			isa = XCBuildConfiguration;
			buildSettings = {
				MACOSX_DEPLOYMENT_TARGET = 10.9;
				ONLY_ACTIVE_ARCH = YES;
				PRODUCT_NAME = "$(TARGET_NAME)";
				SDKROOT = macosx10.9;
			};
			name = Debug;
		};
		0164F4CE19FC5CA600907EB3 /* Release */ = {
			isa = XCBuildConfiguration;
			buildSettings = {
				MACOSX_DEPLOYMENT_TARGET = 10.9;
				ONLY_ACTIVE_ARCH = NO;
				PRODUCT_NAME = "$(TARGET_NAME)";
				SDKROOT = macosx10.9;
			};
			name = Release;
		};
/* End XCBuildConfiguration section */

/* Begin XCConfigurationList section */
		0164F4C019FC5CA600907EB3 /* Build configuration list for PBXProject "libais" */ = {
			isa = XCConfigurationList;
			buildConfigurations = (
				0164F4CA19FC5CA600907EB3 /* Debug */,
				0164F4CB19FC5CA600907EB3 /* Release */,
			);
			defaultConfigurationIsVisible = 0;
			defaultConfigurationName = Release;
		};
		0164F4CC19FC5CA600907EB3 /* Build configuration list for PBXNativeTarget "libais" */ = {
			isa = XCConfigurationList;
			buildConfigurations = (
				0164F4CD19FC5CA600907EB3 /* Debug */,
				0164F4CE19FC5CA600907EB3 /* Release */,
			);
			defaultConfigurationIsVisible = 0;
			defaultConfigurationName = Release;
		};
/* End XCConfigurationList section */
	};
	rootObject = 0164F4BD19FC5CA600907EB3 /* Project object */;
}
